{
  "name": "preflightsh",
  "version": "0.6.1",
  "lockfileVersion": 3,
  "requires": true,
  "packages": {
    "": {
      "name": "preflightsh",
      "version": "0.6.1",
      "hasInstallScript": true,
      "license": "MIT",
      "bin": {
        "preflight": "run.js"
      },
      "engines": {
        "node": ">=14"
      }
    }
  }
}
